
Microsoft Visual Studio Solution File, Format Version 12.00
# Visual Studio Version 17
VisualStudioVersion = 17.1.32328.378
MinimumVisualStudioVersion = 10.0.40219.1
Project("{FAE04EC0-301F-11D3-BF4B-00C04F79EFBC}") = "algoritmi1", "algoritmi1\algoritmi1.csproj", "{B6321C7D-99A8-482F-A76A-5D062F3787EB}"
EndProject
Project("{2150E333-8FDC-42A3-9474-1A3956D46DE8}") = "Solution Items", "Solution Items", "{7AA63C91-FADA-45DE-B3FC-79044286280E}"
	ProjectSection(SolutionItems) = preProject
		Class1.cs = Class1.cs
	EndProjectSection
EndProject
Global
	GlobalSection(SolutionConfigurationPlatforms) = preSolution
		Debug|Any CPU = Debug|Any CPU
		Release|Any CPU = Release|Any CPU
	EndGlobalSection
	GlobalSection(ProjectConfigurationPlatforms) = postSolution
		{B6321C7D-99A8-482F-A76A-5D062F3787EB}.Debug|Any CPU.ActiveCfg = Debug|Any CPU
		{B6321C7D-99A8-482F-A76A-5D062F3787EB}.Debug|Any CPU.Build.0 = Debug|Any CPU
		{B6321C7D-99A8-482F-A76A-5D062F3787EB}.Release|Any CPU.ActiveCfg = Release|Any CPU
		{B6321C7D-99A8-482F-A76A-5D062F3787EB}.Release|Any CPU.Build.0 = Release|Any CPU
	EndGlobalSection
	GlobalSection(SolutionProperties) = preSolution
		HideSolutionNode = FALSE
	EndGlobalSection
	GlobalSection(ExtensibilityGlobals) = postSolution
		SolutionGuid = {41FD62B4-ACDF-4E99-A1D6-8E276682125E}
	EndGlobalSection
EndGlobal
